// !$*UTF8*$!
{
	archiveVersion = 1;
	classes = {
	};
	objectVersion = 46;
	objects = {

/* Begin PBXBuildFile section */
		9B5E7FA01F3DF93E00C7F865 /* UIIView+wjExtension.swift in Sources */ = {isa = PBXBuildFile; fileRef = 9B5E7F9F1F3DF93E00C7F865 /* UIIView+wjExtension.swift */; };
		9B5E7FA41F3E087F00C7F865 /* wjEachTopicModel.swift in Sources */ = {isa = PBXBuildFile; fileRef = 9B5E7FA31F3E087F00C7F865 /* wjEachTopicModel.swift */; };
		9B5E7FA71F3E142100C7F865 /* wjEachPageCell.swift in Sources */ = {isa = PBXBuildFile; fileRef = 9B5E7FA51F3E142100C7F865 /* wjEachPageCell.swift */; };
		9B5E7FA81F3E142100C7F865 /* wjEachPageCell.xib in Resources */ = {isa = PBXBuildFile; fileRef = 9B5E7FA61F3E142100C7F865 /* wjEachPageCell.xib */; };
		9B5E7FAA1F40371700C7F865 /* wjEachTopicVC.swift in Sources */ = {isa = PBXBuildFile; fileRef = 9B5E7FA91F40371700C7F865 /* wjEachTopicVC.swift */; };
		9B5E7FAE1F40971300C7F865 /* wjDetailContentVC.swift in Sources */ = {isa = PBXBuildFile; fileRef = 9B5E7FAD1F40971300C7F865 /* wjDetailContentVC.swift */; };
		9B5E7FB11F40A72A00C7F865 /* wjProductCell.swift in Sources */ = {isa = PBXBuildFile; fileRef = 9B5E7FAF1F40A72A00C7F865 /* wjProductCell.swift */; };
		9B5E7FB21F40A72A00C7F865 /* wjProductCell.xib in Resources */ = {isa = PBXBuildFile; fileRef = 9B5E7FB01F40A72A00C7F865 /* wjProductCell.xib */; };
		9B5E7FB61F4497BD00C7F865 /* wjRegisterVC.swift in Sources */ = {isa = PBXBuildFile; fileRef = 9B5E7FB51F4497BD00C7F865 /* wjRegisterVC.swift */; };
		9B5E7FB81F4497D000C7F865 /* wjRegisterVC.xib in Resources */ = {isa = PBXBuildFile; fileRef = 9B5E7FB71F4497D000C7F865 /* wjRegisterVC.xib */; };
		9B5E7FBA1F449DB700C7F865 /* wjNoticeVC.swift in Sources */ = {isa = PBXBuildFile; fileRef = 9B5E7FB91F449DB700C7F865 /* wjNoticeVC.swift */; };
		C41AD2411F3D533700A62188 /* Assets.xcassets in Resources */ = {isa = PBXBuildFile; fileRef = C41AD2401F3D533700A62188 /* Assets.xcassets */; };
		C41AD25D1F3D55D900A62188 /* AppDelegate.swift in Sources */ = {isa = PBXBuildFile; fileRef = C41AD2591F3D55D900A62188 /* AppDelegate.swift */; };
		C41AD25E1F3D55D900A62188 /* wjMainBaseVC.swift in Sources */ = {isa = PBXBuildFile; fileRef = C41AD25A1F3D55D900A62188 /* wjMainBaseVC.swift */; };
		C41AD25F1F3D55D900A62188 /* wjNavigationVC.swift in Sources */ = {isa = PBXBuildFile; fileRef = C41AD25B1F3D55D900A62188 /* wjNavigationVC.swift */; };
		C41AD2601F3D55D900A62188 /* wjTabBarVC.swift in Sources */ = {isa = PBXBuildFile; fileRef = C41AD25C1F3D55D900A62188 /* wjTabBarVC.swift */; };
		C41AD2621F3D56C800A62188 /* Info.plist in Resources */ = {isa = PBXBuildFile; fileRef = C41AD2611F3D56C800A62188 /* Info.plist */; };
		C41AD2781F3D59A300A62188 /* wjConst.swift in Sources */ = {isa = PBXBuildFile; fileRef = C41AD2771F3D59A300A62188 /* wjConst.swift */; };
		C46DD8EE1F43D3F000462CFC /* wjStyleAndClassView.swift in Sources */ = {isa = PBXBuildFile; fileRef = C46DD8ED1F43D3F000462CFC /* wjStyleAndClassView.swift */; };
		C46EA9521F42F7CE00DF9F08 /* wjCateDetailVC.swift in Sources */ = {isa = PBXBuildFile; fileRef = C46EA9511F42F7CE00DF9F08 /* wjCateDetailVC.swift */; };
		C46EA9541F42FC1F00DF9F08 /* wjCateDetailModel.swift in Sources */ = {isa = PBXBuildFile; fileRef = C46EA9531F42FC1F00DF9F08 /* wjCateDetailModel.swift */; };
		C4742AFC1F4696E2002E893F /* wjShareActionSheet.swift in Sources */ = {isa = PBXBuildFile; fileRef = C4742AFB1F4696E2002E893F /* wjShareActionSheet.swift */; };
		C476BF2B1F42834B00E51650 /* wjDetailBottomView.swift in Sources */ = {isa = PBXBuildFile; fileRef = C476BF2A1F42834B00E51650 /* wjDetailBottomView.swift */; };
		C476BF2D1F42867B00E51650 /* wjChoiceBtn.swift in Sources */ = {isa = PBXBuildFile; fileRef = C476BF2C1F42867B00E51650 /* wjChoiceBtn.swift */; };
		C476BF2F1F42868D00E51650 /* wjChoiceBtn.xib in Resources */ = {isa = PBXBuildFile; fileRef = C476BF2E1F42868D00E51650 /* wjChoiceBtn.xib */; };
		C476BF311F42918400E51650 /* wjProductDetailModel.swift in Sources */ = {isa = PBXBuildFile; fileRef = C476BF301F42918400E51650 /* wjProductDetailModel.swift */; };
		C476BF341F429C6F00E51650 /* wjCommentCell.swift in Sources */ = {isa = PBXBuildFile; fileRef = C476BF321F429C6F00E51650 /* wjCommentCell.swift */; };
		C476BF351F429C6F00E51650 /* wjCommentCell.xib in Resources */ = {isa = PBXBuildFile; fileRef = C476BF331F429C6F00E51650 /* wjCommentCell.xib */; };
		C476BF371F429EAE00E51650 /* wjCommentModel.swift in Sources */ = {isa = PBXBuildFile; fileRef = C476BF361F429EAE00E51650 /* wjCommentModel.swift */; };
		C485A6861F43DDB000F1D084 /* wjGroupModel.swift in Sources */ = {isa = PBXBuildFile; fileRef = C485A6851F43DDB000F1D084 /* wjGroupModel.swift */; };
		C485A6881F43E29F00F1D084 /* wjCollectionBtn.swift in Sources */ = {isa = PBXBuildFile; fileRef = C485A6871F43E29F00F1D084 /* wjCollectionBtn.swift */; };
		C489A4EF1F441EB000C5AE2A /* wjMeHeaderView.swift in Sources */ = {isa = PBXBuildFile; fileRef = C489A4EE1F441EB000C5AE2A /* wjMeHeaderView.swift */; };
		C489A4F11F4428B900C5AE2A /* wjFooterView.swift in Sources */ = {isa = PBXBuildFile; fileRef = C489A4F01F4428B900C5AE2A /* wjFooterView.swift */; };
		C49160601F442E46002367BE /* wjSettingsVC.swift in Sources */ = {isa = PBXBuildFile; fileRef = C491605F1F442E46002367BE /* wjSettingsVC.swift */; };
		C49160621F442F32002367BE /* SettingCell.plist in Resources */ = {isa = PBXBuildFile; fileRef = C49160611F442F31002367BE /* SettingCell.plist */; };
		C49160641F443089002367BE /* wjSettingModel.swift in Sources */ = {isa = PBXBuildFile; fileRef = C49160631F443089002367BE /* wjSettingModel.swift */; };
		C49160671F4433A4002367BE /* wjSettingCell.swift in Sources */ = {isa = PBXBuildFile; fileRef = C49160651F4433A4002367BE /* wjSettingCell.swift */; };
		C49160681F4433A4002367BE /* wjSettingCell.xib in Resources */ = {isa = PBXBuildFile; fileRef = C49160661F4433A4002367BE /* wjSettingCell.xib */; };
		C491606D1F4443DA002367BE /* wjLoginVC.swift in Sources */ = {isa = PBXBuildFile; fileRef = C491606C1F4443DA002367BE /* wjLoginVC.swift */; };
		C491606F1F44446B002367BE /* wjLoginVC.xib in Resources */ = {isa = PBXBuildFile; fileRef = C491606E1F44446B002367BE /* wjLoginVC.xib */; };
		C4AAAE471F3DA16A0033A7DA /* wjSingleSugarVC.swift in Sources */ = {isa = PBXBuildFile; fileRef = C4AAAE461F3DA16A0033A7DA /* wjSingleSugarVC.swift */; };
		C4AAAE491F3DA1EF0033A7DA /* wjProductVC.swift in Sources */ = {isa = PBXBuildFile; fileRef = C4AAAE481F3DA1EF0033A7DA /* wjProductVC.swift */; };
		C4AAAE4B1F3DA2050033A7DA /* wjCategoryVC.swift in Sources */ = {isa = PBXBuildFile; fileRef = C4AAAE4A1F3DA2050033A7DA /* wjCategoryVC.swift */; };
		C4AAAE4D1F3DA2160033A7DA /* wjMeVC.swift in Sources */ = {isa = PBXBuildFile; fileRef = C4AAAE4C1F3DA2160033A7DA /* wjMeVC.swift */; };
		C4AAAE4F1F3DA54B0033A7DA /* wjNetworkTool.swift in Sources */ = {isa = PBXBuildFile; fileRef = C4AAAE4E1F3DA54B0033A7DA /* wjNetworkTool.swift */; };
		C4AAAE511F3DA7760033A7DA /* wjChannelModel.swift in Sources */ = {isa = PBXBuildFile; fileRef = C4AAAE501F3DA7760033A7DA /* wjChannelModel.swift */; };
		C4ACA9891F413AA90069C6B4 /* wjProductModel.swift in Sources */ = {isa = PBXBuildFile; fileRef = C4ACA9881F413AA90069C6B4 /* wjProductModel.swift */; };
		C4ACA98B1F414ADD0069C6B4 /* wjProductDetailVC.swift in Sources */ = {isa = PBXBuildFile; fileRef = C4ACA98A1F414ADD0069C6B4 /* wjProductDetailVC.swift */; };
		C4ACA98F1F4151BE0069C6B4 /* wjProductDetailToolBar.swift in Sources */ = {isa = PBXBuildFile; fileRef = C4ACA98E1F4151BE0069C6B4 /* wjProductDetailToolBar.swift */; };
		C4ACA9911F4151C60069C6B4 /* wjProductDetailToolBar.xib in Resources */ = {isa = PBXBuildFile; fileRef = C4ACA9901F4151C60069C6B4 /* wjProductDetailToolBar.xib */; };
		C4ACA9931F417F9D0069C6B4 /* wjDetailScrollView.swift in Sources */ = {isa = PBXBuildFile; fileRef = C4ACA9921F417F9D0069C6B4 /* wjDetailScrollView.swift */; };
		C4ACA9951F4181140069C6B4 /* wjDetailTopScrollView.swift in Sources */ = {isa = PBXBuildFile; fileRef = C4ACA9941F4181140069C6B4 /* wjDetailTopScrollView.swift */; };
		C4C40D201F42D06E0052A91C /* wjCateTopScrollview.swift in Sources */ = {isa = PBXBuildFile; fileRef = C4C40D1F1F42D06E0052A91C /* wjCateTopScrollview.swift */; };
		C4C40D241F42DD470052A91C /* wjCateTopModel.swift in Sources */ = {isa = PBXBuildFile; fileRef = C4C40D231F42DD470052A91C /* wjCateTopModel.swift */; };
		C4FECA761F43EFAA00D7688F /* wjSeeAllVC.swift in Sources */ = {isa = PBXBuildFile; fileRef = C4FECA751F43EFAA00D7688F /* wjSeeAllVC.swift */; };
		C4FECA791F43F0A800D7688F /* wjSeeAllCell.swift in Sources */ = {isa = PBXBuildFile; fileRef = C4FECA771F43F0A800D7688F /* wjSeeAllCell.swift */; };
		C4FECA7A1F43F0A800D7688F /* wjSeeAllCell.xib in Resources */ = {isa = PBXBuildFile; fileRef = C4FECA781F43F0A800D7688F /* wjSeeAllCell.xib */; };
		F10B4F100F36533054C82CC4 /* Pods_wjSingleSugar.framework in Frameworks */ = {isa = PBXBuildFile; fileRef = E72F7AFED13FA99BD6953D93 /* Pods_wjSingleSugar.framework */; };
/* End PBXBuildFile section */

/* Begin PBXFileReference section */
		45D7C28165500BEF0EE1D047 /* Pods-wjSingleSugar.release.xcconfig */ = {isa = PBXFileReference; includeInIndex = 1; lastKnownFileType = text.xcconfig; name = "Pods-wjSingleSugar.release.xcconfig"; path = "Pods/Target Support Files/Pods-wjSingleSugar/Pods-wjSingleSugar.release.xcconfig"; sourceTree = "<group>"; };
		9B5E7F9F1F3DF93E00C7F865 /* UIIView+wjExtension.swift */ = {isa = PBXFileReference; fileEncoding = 4; lastKnownFileType = sourcecode.swift; path = "UIIView+wjExtension.swift"; sourceTree = "<group>"; };
		9B5E7FA31F3E087F00C7F865 /* wjEachTopicModel.swift */ = {isa = PBXFileReference; fileEncoding = 4; lastKnownFileType = sourcecode.swift; path = wjEachTopicModel.swift; sourceTree = "<group>"; };
		9B5E7FA51F3E142100C7F865 /* wjEachPageCell.swift */ = {isa = PBXFileReference; fileEncoding = 4; lastKnownFileType = sourcecode.swift; path = wjEachPageCell.swift; sourceTree = "<group>"; };
		9B5E7FA61F3E142100C7F865 /* wjEachPageCell.xib */ = {isa = PBXFileReference; fileEncoding = 4; lastKnownFileType = file.xib; path = wjEachPageCell.xib; sourceTree = "<group>"; };
		9B5E7FA91F40371700C7F865 /* wjEachTopicVC.swift */ = {isa = PBXFileReference; fileEncoding = 4; lastKnownFileType = sourcecode.swift; path = wjEachTopicVC.swift; sourceTree = "<group>"; };
		9B5E7FAD1F40971300C7F865 /* wjDetailContentVC.swift */ = {isa = PBXFileReference; fileEncoding = 4; lastKnownFileType = sourcecode.swift; path = wjDetailContentVC.swift; sourceTree = "<group>"; };
		9B5E7FAF1F40A72A00C7F865 /* wjProductCell.swift */ = {isa = PBXFileReference; fileEncoding = 4; lastKnownFileType = sourcecode.swift; path = wjProductCell.swift; sourceTree = "<group>"; };
		9B5E7FB01F40A72A00C7F865 /* wjProductCell.xib */ = {isa = PBXFileReference; fileEncoding = 4; lastKnownFileType = file.xib; path = wjProductCell.xib; sourceTree = "<group>"; };
		9B5E7FB51F4497BD00C7F865 /* wjRegisterVC.swift */ = {isa = PBXFileReference; fileEncoding = 4; lastKnownFileType = sourcecode.swift; path = wjRegisterVC.swift; sourceTree = "<group>"; };
		9B5E7FB71F4497D000C7F865 /* wjRegisterVC.xib */ = {isa = PBXFileReference; fileEncoding = 4; lastKnownFileType = file.xib; path = wjRegisterVC.xib; sourceTree = "<group>"; };
		9B5E7FB91F449DB700C7F865 /* wjNoticeVC.swift */ = {isa = PBXFileReference; fileEncoding = 4; lastKnownFileType = sourcecode.swift; path = wjNoticeVC.swift; sourceTree = "<group>"; };
		B825969F261974843A724D28 /* Pods-wjSingleSugar.debug.xcconfig */ = {isa = PBXFileReference; includeInIndex = 1; lastKnownFileType = text.xcconfig; name = "Pods-wjSingleSugar.debug.xcconfig"; path = "Pods/Target Support Files/Pods-wjSingleSugar/Pods-wjSingleSugar.debug.xcconfig"; sourceTree = "<group>"; };
		C41AD2361F3D533700A62188 /* wjSingleSugar.app */ = {isa = PBXFileReference; explicitFileType = wrapper.application; includeInIndex = 0; path = wjSingleSugar.app; sourceTree = BUILT_PRODUCTS_DIR; };
		C41AD2401F3D533700A62188 /* Assets.xcassets */ = {isa = PBXFileReference; lastKnownFileType = folder.assetcatalog; path = Assets.xcassets; sourceTree = "<group>"; };
		C41AD2591F3D55D900A62188 /* AppDelegate.swift */ = {isa = PBXFileReference; fileEncoding = 4; lastKnownFileType = sourcecode.swift; path = AppDelegate.swift; sourceTree = "<group>"; };
		C41AD25A1F3D55D900A62188 /* wjMainBaseVC.swift */ = {isa = PBXFileReference; fileEncoding = 4; lastKnownFileType = sourcecode.swift; path = wjMainBaseVC.swift; sourceTree = "<group>"; };
		C41AD25B1F3D55D900A62188 /* wjNavigationVC.swift */ = {isa = PBXFileReference; fileEncoding = 4; lastKnownFileType = sourcecode.swift; path = wjNavigationVC.swift; sourceTree = "<group>"; };
		C41AD25C1F3D55D900A62188 /* wjTabBarVC.swift */ = {isa = PBXFileReference; fileEncoding = 4; lastKnownFileType = sourcecode.swift; path = wjTabBarVC.swift; sourceTree = "<group>"; };
		C41AD2611F3D56C800A62188 /* Info.plist */ = {isa = PBXFileReference; fileEncoding = 4; lastKnownFileType = text.plist.xml; path = Info.plist; sourceTree = "<group>"; };
		C41AD2771F3D59A300A62188 /* wjConst.swift */ = {isa = PBXFileReference; fileEncoding = 4; lastKnownFileType = sourcecode.swift; path = wjConst.swift; sourceTree = "<group>"; };
		C46DD8ED1F43D3F000462CFC /* wjStyleAndClassView.swift */ = {isa = PBXFileReference; fileEncoding = 4; lastKnownFileType = sourcecode.swift; path = wjStyleAndClassView.swift; sourceTree = "<group>"; };
		C46EA9511F42F7CE00DF9F08 /* wjCateDetailVC.swift */ = {isa = PBXFileReference; fileEncoding = 4; lastKnownFileType = sourcecode.swift; path = wjCateDetailVC.swift; sourceTree = "<group>"; };
		C46EA9531F42FC1F00DF9F08 /* wjCateDetailModel.swift */ = {isa = PBXFileReference; fileEncoding = 4; lastKnownFileType = sourcecode.swift; path = wjCateDetailModel.swift; sourceTree = "<group>"; };
		C4742AFB1F4696E2002E893F /* wjShareActionSheet.swift */ = {isa = PBXFileReference; fileEncoding = 4; lastKnownFileType = sourcecode.swift; path = wjShareActionSheet.swift; sourceTree = "<group>"; };
		C4742B011F4ABD9C002E893F /* wjSingleSugar-Bridging-Header.h */ = {isa = PBXFileReference; lastKnownFileType = sourcecode.c.h; path = "wjSingleSugar-Bridging-Header.h"; sourceTree = "<group>"; };
		C476BF2A1F42834B00E51650 /* wjDetailBottomView.swift */ = {isa = PBXFileReference; fileEncoding = 4; lastKnownFileType = sourcecode.swift; path = wjDetailBottomView.swift; sourceTree = "<group>"; };
		C476BF2C1F42867B00E51650 /* wjChoiceBtn.swift */ = {isa = PBXFileReference; fileEncoding = 4; lastKnownFileType = sourcecode.swift; path = wjChoiceBtn.swift; sourceTree = "<group>"; };
		C476BF2E1F42868D00E51650 /* wjChoiceBtn.xib */ = {isa = PBXFileReference; fileEncoding = 4; lastKnownFileType = file.xib; path = wjChoiceBtn.xib; sourceTree = "<group>"; };
		C476BF301F42918400E51650 /* wjProductDetailModel.swift */ = {isa = PBXFileReference; fileEncoding = 4; lastKnownFileType = sourcecode.swift; path = wjProductDetailModel.swift; sourceTree = "<group>"; };
		C476BF321F429C6F00E51650 /* wjCommentCell.swift */ = {isa = PBXFileReference; fileEncoding = 4; lastKnownFileType = sourcecode.swift; name = wjCommentCell.swift; path = wjSingleSugar/Classes/product/V/wjCommentCell.swift; sourceTree = SOURCE_ROOT; };
		C476BF331F429C6F00E51650 /* wjCommentCell.xib */ = {isa = PBXFileReference; fileEncoding = 4; lastKnownFileType = file.xib; name = wjCommentCell.xib; path = wjSingleSugar/Classes/product/V/wjCommentCell.xib; sourceTree = SOURCE_ROOT; };
		C476BF361F429EAE00E51650 /* wjCommentModel.swift */ = {isa = PBXFileReference; fileEncoding = 4; lastKnownFileType = sourcecode.swift; path = wjCommentModel.swift; sourceTree = "<group>"; };
		C485A6851F43DDB000F1D084 /* wjGroupModel.swift */ = {isa = PBXFileReference; fileEncoding = 4; lastKnownFileType = sourcecode.swift; path = wjGroupModel.swift; sourceTree = "<group>"; };
		C485A6871F43E29F00F1D084 /* wjCollectionBtn.swift */ = {isa = PBXFileReference; fileEncoding = 4; lastKnownFileType = sourcecode.swift; path = wjCollectionBtn.swift; sourceTree = "<group>"; };
		C489A4EE1F441EB000C5AE2A /* wjMeHeaderView.swift */ = {isa = PBXFileReference; fileEncoding = 4; lastKnownFileType = sourcecode.swift; path = wjMeHeaderView.swift; sourceTree = "<group>"; };
		C489A4F01F4428B900C5AE2A /* wjFooterView.swift */ = {isa = PBXFileReference; fileEncoding = 4; lastKnownFileType = sourcecode.swift; path = wjFooterView.swift; sourceTree = "<group>"; };
		C491605F1F442E46002367BE /* wjSettingsVC.swift */ = {isa = PBXFileReference; fileEncoding = 4; lastKnownFileType = sourcecode.swift; path = wjSettingsVC.swift; sourceTree = "<group>"; };
		C49160611F442F31002367BE /* SettingCell.plist */ = {isa = PBXFileReference; fileEncoding = 4; lastKnownFileType = text.plist.xml; path = SettingCell.plist; sourceTree = "<group>"; };
		C49160631F443089002367BE /* wjSettingModel.swift */ = {isa = PBXFileReference; fileEncoding = 4; lastKnownFileType = sourcecode.swift; path = wjSettingModel.swift; sourceTree = "<group>"; };
		C49160651F4433A4002367BE /* wjSettingCell.swift */ = {isa = PBXFileReference; fileEncoding = 4; lastKnownFileType = sourcecode.swift; path = wjSettingCell.swift; sourceTree = "<group>"; };
		C49160661F4433A4002367BE /* wjSettingCell.xib */ = {isa = PBXFileReference; fileEncoding = 4; lastKnownFileType = file.xib; path = wjSettingCell.xib; sourceTree = "<group>"; };
		C491606C1F4443DA002367BE /* wjLoginVC.swift */ = {isa = PBXFileReference; fileEncoding = 4; lastKnownFileType = sourcecode.swift; path = wjLoginVC.swift; sourceTree = "<group>"; };
		C491606E1F44446B002367BE /* wjLoginVC.xib */ = {isa = PBXFileReference; fileEncoding = 4; lastKnownFileType = file.xib; path = wjLoginVC.xib; sourceTree = "<group>"; };
		C4AAAE461F3DA16A0033A7DA /* wjSingleSugarVC.swift */ = {isa = PBXFileReference; fileEncoding = 4; lastKnownFileType = sourcecode.swift; path = wjSingleSugarVC.swift; sourceTree = "<group>"; };
		C4AAAE481F3DA1EF0033A7DA /* wjProductVC.swift */ = {isa = PBXFileReference; fileEncoding = 4; lastKnownFileType = sourcecode.swift; path = wjProductVC.swift; sourceTree = "<group>"; };
		C4AAAE4A1F3DA2050033A7DA /* wjCategoryVC.swift */ = {isa = PBXFileReference; fileEncoding = 4; lastKnownFileType = sourcecode.swift; path = wjCategoryVC.swift; sourceTree = "<group>"; };
		C4AAAE4C1F3DA2160033A7DA /* wjMeVC.swift */ = {isa = PBXFileReference; fileEncoding = 4; lastKnownFileType = sourcecode.swift; path = wjMeVC.swift; sourceTree = "<group>"; };
		C4AAAE4E1F3DA54B0033A7DA /* wjNetworkTool.swift */ = {isa = PBXFileReference; fileEncoding = 4; lastKnownFileType = sourcecode.swift; path = wjNetworkTool.swift; sourceTree = "<group>"; };
		C4AAAE501F3DA7760033A7DA /* wjChannelModel.swift */ = {isa = PBXFileReference; fileEncoding = 4; lastKnownFileType = sourcecode.swift; path = wjChannelModel.swift; sourceTree = "<group>"; };
		C4ACA9881F413AA90069C6B4 /* wjProductModel.swift */ = {isa = PBXFileReference; fileEncoding = 4; lastKnownFileType = sourcecode.swift; path = wjProductModel.swift; sourceTree = "<group>"; };
		C4ACA98A1F414ADD0069C6B4 /* wjProductDetailVC.swift */ = {isa = PBXFileReference; fileEncoding = 4; lastKnownFileType = sourcecode.swift; path = wjProductDetailVC.swift; sourceTree = "<group>"; };
		C4ACA98E1F4151BE0069C6B4 /* wjProductDetailToolBar.swift */ = {isa = PBXFileReference; fileEncoding = 4; lastKnownFileType = sourcecode.swift; path = wjProductDetailToolBar.swift; sourceTree = "<group>"; };
		C4ACA9901F4151C60069C6B4 /* wjProductDetailToolBar.xib */ = {isa = PBXFileReference; fileEncoding = 4; lastKnownFileType = file.xib; path = wjProductDetailToolBar.xib; sourceTree = "<group>"; };
		C4ACA9921F417F9D0069C6B4 /* wjDetailScrollView.swift */ = {isa = PBXFileReference; fileEncoding = 4; lastKnownFileType = sourcecode.swift; path = wjDetailScrollView.swift; sourceTree = "<group>"; };
		C4ACA9941F4181140069C6B4 /* wjDetailTopScrollView.swift */ = {isa = PBXFileReference; fileEncoding = 4; lastKnownFileType = sourcecode.swift; path = wjDetailTopScrollView.swift; sourceTree = "<group>"; };
		C4C40D1F1F42D06E0052A91C /* wjCateTopScrollview.swift */ = {isa = PBXFileReference; fileEncoding = 4; lastKnownFileType = sourcecode.swift; path = wjCateTopScrollview.swift; sourceTree = "<group>"; };
		C4C40D231F42DD470052A91C /* wjCateTopModel.swift */ = {isa = PBXFileReference; fileEncoding = 4; lastKnownFileType = sourcecode.swift; path = wjCateTopModel.swift; sourceTree = "<group>"; };
		C4FECA751F43EFAA00D7688F /* wjSeeAllVC.swift */ = {isa = PBXFileReference; fileEncoding = 4; lastKnownFileType = sourcecode.swift; path = wjSeeAllVC.swift; sourceTree = "<group>"; };
		C4FECA771F43F0A800D7688F /* wjSeeAllCell.swift */ = {isa = PBXFileReference; fileEncoding = 4; lastKnownFileType = sourcecode.swift; path = wjSeeAllCell.swift; sourceTree = "<group>"; };
		C4FECA781F43F0A800D7688F /* wjSeeAllCell.xib */ = {isa = PBXFileReference; fileEncoding = 4; lastKnownFileType = file.xib; path = wjSeeAllCell.xib; sourceTree = "<group>"; };
		E72F7AFED13FA99BD6953D93 /* Pods_wjSingleSugar.framework */ = {isa = PBXFileReference; explicitFileType = wrapper.framework; includeInIndex = 0; path = Pods_wjSingleSugar.framework; sourceTree = BUILT_PRODUCTS_DIR; };
/* End PBXFileReference section */

/* Begin PBXFrameworksBuildPhase section */
		C41AD2331F3D533700A62188 /* Frameworks */ = {
			isa = PBXFrameworksBuildPhase;
			buildActionMask = 2147483647;
			files = (
				F10B4F100F36533054C82CC4 /* Pods_wjSingleSugar.framework in Frameworks */,
			);
			runOnlyForDeploymentPostprocessing = 0;
		};
/* End PBXFrameworksBuildPhase section */

/* Begin PBXGroup section */
		10E27D08D0BE3ED25AAFC8A8 /* Frameworks */ = {
			isa = PBXGroup;
			children = (
				E72F7AFED13FA99BD6953D93 /* Pods_wjSingleSugar.framework */,
			);
			name = Frameworks;
			sourceTree = "<group>";
		};
		9B5E7F9E1F3DF8AA00C7F865 /* utils */ = {
			isa = PBXGroup;
			children = (
				9B5E7F9F1F3DF93E00C7F865 /* UIIView+wjExtension.swift */,
			);
			path = utils;
			sourceTree = "<group>";
		};
		BA32C41EF6753E761780BE5A /* Pods */ = {
			isa = PBXGroup;
			children = (
				B825969F261974843A724D28 /* Pods-wjSingleSugar.debug.xcconfig */,
				45D7C28165500BEF0EE1D047 /* Pods-wjSingleSugar.release.xcconfig */,
			);
			name = Pods;
			sourceTree = "<group>";
		};
		C41AD22D1F3D533700A62188 = {
			isa = PBXGroup;
			children = (
				C41AD2381F3D533700A62188 /* wjSingleSugar */,
				C41AD2371F3D533700A62188 /* Products */,
				BA32C41EF6753E761780BE5A /* Pods */,
				10E27D08D0BE3ED25AAFC8A8 /* Frameworks */,
			);
			sourceTree = "<group>";
		};
		C41AD2371F3D533700A62188 /* Products */ = {
			isa = PBXGroup;
			children = (
				C41AD2361F3D533700A62188 /* wjSingleSugar.app */,
			);
			name = Products;
			sourceTree = "<group>";
		};
		C41AD2381F3D533700A62188 /* wjSingleSugar */ = {
			isa = PBXGroup;
			children = (
				C41AD24E1F3D548800A62188 /* Classes */,
				C41AD2401F3D533700A62188 /* Assets.xcassets */,
			);
			path = wjSingleSugar;
			sourceTree = "<group>";
		};
		C41AD24E1F3D548800A62188 /* Classes */ = {
			isa = PBXGroup;
			children = (
				C41AD24F1F3D548800A62188 /* main */,
				C49160691F4443A8002367BE /* login */,
				C41AD2641F3D57D000A62188 /* singleSugar */,
				C41AD2681F3D57E200A62188 /* product */,
				C41AD26C1F3D57EB00A62188 /* category */,
				C41AD2701F3D57F600A62188 /* me */,
				C41AD2631F3D56E000A62188 /* others */,
			);
			path = Classes;
			sourceTree = "<group>";
		};
		C41AD24F1F3D548800A62188 /* main */ = {
			isa = PBXGroup;
			children = (
				9B5E7F9E1F3DF8AA00C7F865 /* utils */,
				C41AD2761F3D598D00A62188 /* tool */,
				C41AD2581F3D55D900A62188 /* C */,
			);
			path = main;
			sourceTree = "<group>";
		};
		C41AD2581F3D55D900A62188 /* C */ = {
			isa = PBXGroup;
			children = (
				C41AD2591F3D55D900A62188 /* AppDelegate.swift */,
				C41AD25A1F3D55D900A62188 /* wjMainBaseVC.swift */,
				C41AD25B1F3D55D900A62188 /* wjNavigationVC.swift */,
				C41AD25C1F3D55D900A62188 /* wjTabBarVC.swift */,
			);
			path = C;
			sourceTree = "<group>";
		};
		C41AD2631F3D56E000A62188 /* others */ = {
			isa = PBXGroup;
			children = (
				C49160611F442F31002367BE /* SettingCell.plist */,
				C41AD2611F3D56C800A62188 /* Info.plist */,
				C4742B011F4ABD9C002E893F /* wjSingleSugar-Bridging-Header.h */,
			);
			name = others;
			path = ..;
			sourceTree = "<group>";
		};
		C41AD2641F3D57D000A62188 /* singleSugar */ = {
			isa = PBXGroup;
			children = (
				C41AD2651F3D57D000A62188 /* C */,
				C41AD2661F3D57D000A62188 /* M */,
				C41AD2671F3D57D000A62188 /* V */,
			);
			path = singleSugar;
			sourceTree = "<group>";
		};
		C41AD2651F3D57D000A62188 /* C */ = {
			isa = PBXGroup;
			children = (
				C4AAAE461F3DA16A0033A7DA /* wjSingleSugarVC.swift */,
				9B5E7FA91F40371700C7F865 /* wjEachTopicVC.swift */,
				9B5E7FAD1F40971300C7F865 /* wjDetailContentVC.swift */,
			);
			path = C;
			sourceTree = "<group>";
		};
		C41AD2661F3D57D000A62188 /* M */ = {
			isa = PBXGroup;
			children = (
				C4AAAE501F3DA7760033A7DA /* wjChannelModel.swift */,
				9B5E7FA31F3E087F00C7F865 /* wjEachTopicModel.swift */,
			);
			path = M;
			sourceTree = "<group>";
		};
		C41AD2671F3D57D000A62188 /* V */ = {
			isa = PBXGroup;
			children = (
				9B5E7FA51F3E142100C7F865 /* wjEachPageCell.swift */,
				9B5E7FA61F3E142100C7F865 /* wjEachPageCell.xib */,
			);
			path = V;
			sourceTree = "<group>";
		};
		C41AD2681F3D57E200A62188 /* product */ = {
			isa = PBXGroup;
			children = (
				C41AD2691F3D57E200A62188 /* C */,
				C41AD26A1F3D57E200A62188 /* M */,
				C41AD26B1F3D57E200A62188 /* V */,
			);
			path = product;
			sourceTree = "<group>";
		};
		C41AD2691F3D57E200A62188 /* C */ = {
			isa = PBXGroup;
			children = (
				C4AAAE481F3DA1EF0033A7DA /* wjProductVC.swift */,
				C4ACA98A1F414ADD0069C6B4 /* wjProductDetailVC.swift */,
			);
			path = C;
			sourceTree = "<group>";
		};
		C41AD26A1F3D57E200A62188 /* M */ = {
			isa = PBXGroup;
			children = (
				C4ACA9881F413AA90069C6B4 /* wjProductModel.swift */,
				C476BF301F42918400E51650 /* wjProductDetailModel.swift */,
				C476BF361F429EAE00E51650 /* wjCommentModel.swift */,
			);
			path = M;
			sourceTree = "<group>";
		};
		C41AD26B1F3D57E200A62188 /* V */ = {
			isa = PBXGroup;
			children = (
				9B5E7FAF1F40A72A00C7F865 /* wjProductCell.swift */,
				9B5E7FB01F40A72A00C7F865 /* wjProductCell.xib */,
				C4ACA98E1F4151BE0069C6B4 /* wjProductDetailToolBar.swift */,
				C4ACA9901F4151C60069C6B4 /* wjProductDetailToolBar.xib */,
				C4ACA9921F417F9D0069C6B4 /* wjDetailScrollView.swift */,
				C4ACA9941F4181140069C6B4 /* wjDetailTopScrollView.swift */,
				C476BF2A1F42834B00E51650 /* wjDetailBottomView.swift */,
				C476BF2C1F42867B00E51650 /* wjChoiceBtn.swift */,
				C476BF2E1F42868D00E51650 /* wjChoiceBtn.xib */,
				C476BF321F429C6F00E51650 /* wjCommentCell.swift */,
				C476BF331F429C6F00E51650 /* wjCommentCell.xib */,
				C4742AFB1F4696E2002E893F /* wjShareActionSheet.swift */,
			);
			path = V;
			sourceTree = "<group>";
		};
		C41AD26C1F3D57EB00A62188 /* category */ = {
			isa = PBXGroup;
			children = (
				C41AD26D1F3D57EB00A62188 /* C */,
				C41AD26E1F3D57EB00A62188 /* M */,
				C41AD26F1F3D57EB00A62188 /* V */,
			);
			path = category;
			sourceTree = "<group>";
		};
		C41AD26D1F3D57EB00A62188 /* C */ = {
			isa = PBXGroup;
			children = (
				C4AAAE4A1F3DA2050033A7DA /* wjCategoryVC.swift */,
				C46EA9511F42F7CE00DF9F08 /* wjCateDetailVC.swift */,
				C4FECA751F43EFAA00D7688F /* wjSeeAllVC.swift */,
			);
			path = C;
			sourceTree = "<group>";
		};
		C41AD26E1F3D57EB00A62188 /* M */ = {
			isa = PBXGroup;
			children = (
				C4C40D231F42DD470052A91C /* wjCateTopModel.swift */,
				C46EA9531F42FC1F00DF9F08 /* wjCateDetailModel.swift */,
				C485A6851F43DDB000F1D084 /* wjGroupModel.swift */,
			);
			path = M;
			sourceTree = "<group>";
		};
		C41AD26F1F3D57EB00A62188 /* V */ = {
			isa = PBXGroup;
			children = (
				C4C40D1F1F42D06E0052A91C /* wjCateTopScrollview.swift */,
				C46DD8ED1F43D3F000462CFC /* wjStyleAndClassView.swift */,
				C485A6871F43E29F00F1D084 /* wjCollectionBtn.swift */,
				C4FECA771F43F0A800D7688F /* wjSeeAllCell.swift */,
				C4FECA781F43F0A800D7688F /* wjSeeAllCell.xib */,
			);
			path = V;
			sourceTree = "<group>";
		};
		C41AD2701F3D57F600A62188 /* me */ = {
			isa = PBXGroup;
			children = (
				C41AD2711F3D57F600A62188 /* C */,
				C41AD2721F3D57F600A62188 /* M */,
				C41AD2731F3D57F600A62188 /* V */,
			);
			path = me;
			sourceTree = "<group>";
		};
		C41AD2711F3D57F600A62188 /* C */ = {
			isa = PBXGroup;
			children = (
				C4AAAE4C1F3DA2160033A7DA /* wjMeVC.swift */,
				C491605F1F442E46002367BE /* wjSettingsVC.swift */,
				9B5E7FB91F449DB700C7F865 /* wjNoticeVC.swift */,
			);
			path = C;
			sourceTree = "<group>";
		};
		C41AD2721F3D57F600A62188 /* M */ = {
			isa = PBXGroup;
			children = (
				C49160631F443089002367BE /* wjSettingModel.swift */,
			);
			path = M;
			sourceTree = "<group>";
		};
		C41AD2731F3D57F600A62188 /* V */ = {
			isa = PBXGroup;
			children = (
				C489A4EE1F441EB000C5AE2A /* wjMeHeaderView.swift */,
				C489A4F01F4428B900C5AE2A /* wjFooterView.swift */,
				C49160651F4433A4002367BE /* wjSettingCell.swift */,
				C49160661F4433A4002367BE /* wjSettingCell.xib */,
			);
			path = V;
			sourceTree = "<group>";
		};
		C41AD2761F3D598D00A62188 /* tool */ = {
			isa = PBXGroup;
			children = (
				C41AD2771F3D59A300A62188 /* wjConst.swift */,
				C4AAAE4E1F3DA54B0033A7DA /* wjNetworkTool.swift */,
			);
			path = tool;
			sourceTree = "<group>";
		};
		C49160691F4443A8002367BE /* login */ = {
			isa = PBXGroup;
			children = (
				C491606A1F4443A8002367BE /* C */,
				C491606B1F4443A8002367BE /* V */,
			);
			name = login;
			path = main/login;
			sourceTree = "<group>";
		};
		C491606A1F4443A8002367BE /* C */ = {
			isa = PBXGroup;
			children = (
				C491606C1F4443DA002367BE /* wjLoginVC.swift */,
				C491606E1F44446B002367BE /* wjLoginVC.xib */,
				9B5E7FB51F4497BD00C7F865 /* wjRegisterVC.swift */,
				9B5E7FB71F4497D000C7F865 /* wjRegisterVC.xib */,
			);
			path = C;
			sourceTree = "<group>";
		};
		C491606B1F4443A8002367BE /* V */ = {
			isa = PBXGroup;
			children = (
			);
			path = V;
			sourceTree = "<group>";
		};
/* End PBXGroup section */

/* Begin PBXNativeTarget section */
		C41AD2351F3D533700A62188 /* wjSingleSugar */ = {
			isa = PBXNativeTarget;
			buildConfigurationList = C41AD2481F3D533700A62188 /* Build configuration list for PBXNativeTarget "wjSingleSugar" */;
			buildPhases = (
				82AA6E4CDAB9529BEFEFE685 /* [CP] Check Pods Manifest.lock */,
				C41AD2321F3D533700A62188 /* Sources */,
				C41AD2331F3D533700A62188 /* Frameworks */,
				C41AD2341F3D533700A62188 /* Resources */,
				278C3BFB10E6032C4325E611 /* [CP] Embed Pods Frameworks */,
				2F65C7418467A606230EFC0A /* [CP] Copy Pods Resources */,
			);
			buildRules = (
			);
			dependencies = (
			);
			name = wjSingleSugar;
			productName = wjSingleSugar;
			productReference = C41AD2361F3D533700A62188 /* wjSingleSugar.app */;
			productType = "com.apple.product-type.application";
		};
/* End PBXNativeTarget section */

/* Begin PBXProject section */
		C41AD22E1F3D533700A62188 /* Project object */ = {
			isa = PBXProject;
			attributes = {
				LastSwiftUpdateCheck = 0830;
				LastUpgradeCheck = 0830;
				ORGANIZATIONNAME = wangjun;
				TargetAttributes = {
					C41AD2351F3D533700A62188 = {
						CreatedOnToolsVersion = 8.3.3;
						DevelopmentTeam = 684VKU9G29;
						LastSwiftMigration = 0830;
						ProvisioningStyle = Automatic;
					};
				};
			};
			buildConfigurationList = C41AD2311F3D533700A62188 /* Build configuration list for PBXProject "wjSingleSugar" */;
			compatibilityVersion = "Xcode 3.2";
			developmentRegion = English;
			hasScannedForEncodings = 0;
			knownRegions = (
				en,
				Base,
			);
			mainGroup = C41AD22D1F3D533700A62188;
			productRefGroup = C41AD2371F3D533700A62188 /* Products */;
			projectDirPath = "";
			projectRoot = "";
			targets = (
				C41AD2351F3D533700A62188 /* wjSingleSugar */,
			);
		};
/* End PBXProject section */

/* Begin PBXResourcesBuildPhase section */
		C41AD2341F3D533700A62188 /* Resources */ = {
			isa = PBXResourcesBuildPhase;
			buildActionMask = 2147483647;
			files = (
				9B5E7FB81F4497D000C7F865 /* wjRegisterVC.xib in Resources */,
				C4FECA7A1F43F0A800D7688F /* wjSeeAllCell.xib in Resources */,
				C476BF2F1F42868D00E51650 /* wjChoiceBtn.xib in Resources */,
				9B5E7FB21F40A72A00C7F865 /* wjProductCell.xib in Resources */,
				C4ACA9911F4151C60069C6B4 /* wjProductDetailToolBar.xib in Resources */,
				C41AD2621F3D56C800A62188 /* Info.plist in Resources */,
				C49160621F442F32002367BE /* SettingCell.plist in Resources */,
				C476BF351F429C6F00E51650 /* wjCommentCell.xib in Resources */,
				C41AD2411F3D533700A62188 /* Assets.xcassets in Resources */,
				C491606F1F44446B002367BE /* wjLoginVC.xib in Resources */,
				9B5E7FA81F3E142100C7F865 /* wjEachPageCell.xib in Resources */,
				C49160681F4433A4002367BE /* wjSettingCell.xib in Resources */,
			);
			runOnlyForDeploymentPostprocessing = 0;
		};
/* End PBXResourcesBuildPhase section */

/* Begin PBXShellScriptBuildPhase section */
		278C3BFB10E6032C4325E611 /* [CP] Embed Pods Frameworks */ = {
			isa = PBXShellScriptBuildPhase;
			buildActionMask = 2147483647;
			files = (
			);
			inputPaths = (
			);
			name = "[CP] Embed Pods Frameworks";
			outputPaths = (
			);
			runOnlyForDeploymentPostprocessing = 0;
			shellPath = /bin/sh;
			shellScript = "\"${SRCROOT}/Pods/Target Support Files/Pods-wjSingleSugar/Pods-wjSingleSugar-frameworks.sh\"\n";
			showEnvVarsInLog = 0;
		};
		2F65C7418467A606230EFC0A /* [CP] Copy Pods Resources */ = {
			isa = PBXShellScriptBuildPhase;
			buildActionMask = 2147483647;
			files = (
			);
			inputPaths = (
			);
			name = "[CP] Copy Pods Resources";
			outputPaths = (
			);
			runOnlyForDeploymentPostprocessing = 0;
			shellPath = /bin/sh;
			shellScript = "\"${SRCROOT}/Pods/Target Support Files/Pods-wjSingleSugar/Pods-wjSingleSugar-resources.sh\"\n";
			showEnvVarsInLog = 0;
		};
		82AA6E4CDAB9529BEFEFE685 /* [CP] Check Pods Manifest.lock */ = {
			isa = PBXShellScriptBuildPhase;
			buildActionMask = 2147483647;
			files = (
			);
			inputPaths = (
			);
			name = "[CP] Check Pods Manifest.lock";
			outputPaths = (
			);
			runOnlyForDeploymentPostprocessing = 0;
			shellPath = /bin/sh;
			shellScript = "diff \"${PODS_ROOT}/../Podfile.lock\" \"${PODS_ROOT}/Manifest.lock\" > /dev/null\nif [[ $? != 0 ]] ; then\n    cat << EOM\nerror: The sandbox is not in sync with the Podfile.lock. Run 'pod install' or update your CocoaPods installation.\nEOM\n    exit 1\nfi\n";
			showEnvVarsInLog = 0;
		};
/* End PBXShellScriptBuildPhase section */

/* Begin PBXSourcesBuildPhase section */
		C41AD2321F3D533700A62188 /* Sources */ = {
			isa = PBXSourcesBuildPhase;
			buildActionMask = 2147483647;
			files = (
				C41AD2601F3D55D900A62188 /* wjTabBarVC.swift in Sources */,
				C4AAAE491F3DA1EF0033A7DA /* wjProductVC.swift in Sources */,
				C4AAAE4D1F3DA2160033A7DA /* wjMeVC.swift in Sources */,
				9B5E7FB61F4497BD00C7F865 /* wjRegisterVC.swift in Sources */,
				C4C40D201F42D06E0052A91C /* wjCateTopScrollview.swift in Sources */,
				9B5E7FA01F3DF93E00C7F865 /* UIIView+wjExtension.swift in Sources */,
				C4AAAE4F1F3DA54B0033A7DA /* wjNetworkTool.swift in Sources */,
				C489A4EF1F441EB000C5AE2A /* wjMeHeaderView.swift in Sources */,
				C41AD25E1F3D55D900A62188 /* wjMainBaseVC.swift in Sources */,
				C476BF371F429EAE00E51650 /* wjCommentModel.swift in Sources */,
				C476BF311F42918400E51650 /* wjProductDetailModel.swift in Sources */,
				9B5E7FA41F3E087F00C7F865 /* wjEachTopicModel.swift in Sources */,
				C46DD8EE1F43D3F000462CFC /* wjStyleAndClassView.swift in Sources */,
				C41AD25D1F3D55D900A62188 /* AppDelegate.swift in Sources */,
				C4ACA9931F417F9D0069C6B4 /* wjDetailScrollView.swift in Sources */,
				C49160671F4433A4002367BE /* wjSettingCell.swift in Sources */,
				C4ACA9951F4181140069C6B4 /* wjDetailTopScrollView.swift in Sources */,
				C49160641F443089002367BE /* wjSettingModel.swift in Sources */,
				C41AD2781F3D59A300A62188 /* wjConst.swift in Sources */,
				C476BF341F429C6F00E51650 /* wjCommentCell.swift in Sources */,
				9B5E7FAA1F40371700C7F865 /* wjEachTopicVC.swift in Sources */,
				C4742AFC1F4696E2002E893F /* wjShareActionSheet.swift in Sources */,
				C476BF2D1F42867B00E51650 /* wjChoiceBtn.swift in Sources */,
				C4ACA9891F413AA90069C6B4 /* wjProductModel.swift in Sources */,
				9B5E7FBA1F449DB700C7F865 /* wjNoticeVC.swift in Sources */,
				9B5E7FAE1F40971300C7F865 /* wjDetailContentVC.swift in Sources */,
				C4FECA791F43F0A800D7688F /* wjSeeAllCell.swift in Sources */,
				C4ACA98B1F414ADD0069C6B4 /* wjProductDetailVC.swift in Sources */,
				C4AAAE4B1F3DA2050033A7DA /* wjCategoryVC.swift in Sources */,
				C46EA9521F42F7CE00DF9F08 /* wjCateDetailVC.swift in Sources */,
				C485A6881F43E29F00F1D084 /* wjCollectionBtn.swift in Sources */,
				C4AAAE511F3DA7760033A7DA /* wjChannelModel.swift in Sources */,
				C4C40D241F42DD470052A91C /* wjCateTopModel.swift in Sources */,
				C46EA9541F42FC1F00DF9F08 /* wjCateDetailModel.swift in Sources */,
				C4ACA98F1F4151BE0069C6B4 /* wjProductDetailToolBar.swift in Sources */,
				C4AAAE471F3DA16A0033A7DA /* wjSingleSugarVC.swift in Sources */,
				C485A6861F43DDB000F1D084 /* wjGroupModel.swift in Sources */,
				C49160601F442E46002367BE /* wjSettingsVC.swift in Sources */,
				C489A4F11F4428B900C5AE2A /* wjFooterView.swift in Sources */,
				9B5E7FB11F40A72A00C7F865 /* wjProductCell.swift in Sources */,
				C491606D1F4443DA002367BE /* wjLoginVC.swift in Sources */,
				C41AD25F1F3D55D900A62188 /* wjNavigationVC.swift in Sources */,
				C4FECA761F43EFAA00D7688F /* wjSeeAllVC.swift in Sources */,
				C476BF2B1F42834B00E51650 /* wjDetailBottomView.swift in Sources */,
				9B5E7FA71F3E142100C7F865 /* wjEachPageCell.swift in Sources */,
			);
			runOnlyForDeploymentPostprocessing = 0;
		};
/* End PBXSourcesBuildPhase section */

/* Begin XCBuildConfiguration section */
		C41AD2461F3D533700A62188 /* Debug */ = {
			isa = XCBuildConfiguration;
			buildSettings = {
				ALWAYS_SEARCH_USER_PATHS = NO;
				CLANG_ANALYZER_NONNULL = YES;
				CLANG_ANALYZER_NUMBER_OBJECT_CONVERSION = YES_AGGRESSIVE;
				CLANG_CXX_LANGUAGE_STANDARD = "gnu++0x";
				CLANG_CXX_LIBRARY = "libc++";
				CLANG_ENABLE_MODULES = YES;
				CLANG_ENABLE_OBJC_ARC = YES;
				CLANG_WARN_BOOL_CONVERSION = YES;
				CLANG_WARN_CONSTANT_CONVERSION = YES;
				CLANG_WARN_DIRECT_OBJC_ISA_USAGE = YES_ERROR;
				CLANG_WARN_DOCUMENTATION_COMMENTS = YES;
				CLANG_WARN_EMPTY_BODY = YES;
				CLANG_WARN_ENUM_CONVERSION = YES;
				CLANG_WARN_INFINITE_RECURSION = YES;
				CLANG_WARN_INT_CONVERSION = YES;
				CLANG_WARN_OBJC_ROOT_CLASS = YES_ERROR;
				CLANG_WARN_SUSPICIOUS_MOVE = YES;
				CLANG_WARN_UNREACHABLE_CODE = YES;
				CLANG_WARN__DUPLICATE_METHOD_MATCH = YES;
				"CODE_SIGN_IDENTITY[sdk=iphoneos*]" = "iPhone Developer";
				COPY_PHASE_STRIP = NO;
				DEBUG_INFORMATION_FORMAT = dwarf;
				ENABLE_STRICT_OBJC_MSGSEND = YES;
				ENABLE_TESTABILITY = YES;
				GCC_C_LANGUAGE_STANDARD = gnu99;
				GCC_DYNAMIC_NO_PIC = NO;
				GCC_NO_COMMON_BLOCKS = YES;
				GCC_OPTIMIZATION_LEVEL = 0;
				GCC_PREPROCESSOR_DEFINITIONS = (
					"DEBUG=1",
					"$(inherited)",
				);
				GCC_WARN_64_TO_32_BIT_CONVERSION = YES;
				GCC_WARN_ABOUT_RETURN_TYPE = YES_ERROR;
				GCC_WARN_UNDECLARED_SELECTOR = YES;
				GCC_WARN_UNINITIALIZED_AUTOS = YES_AGGRESSIVE;
				GCC_WARN_UNUSED_FUNCTION = YES;
				GCC_WARN_UNUSED_VARIABLE = YES;
				IPHONEOS_DEPLOYMENT_TARGET = 10.3;
				MTL_ENABLE_DEBUG_INFO = YES;
				ONLY_ACTIVE_ARCH = YES;
				SDKROOT = iphoneos;
				SWIFT_ACTIVE_COMPILATION_CONDITIONS = DEBUG;
				SWIFT_OPTIMIZATION_LEVEL = "-Onone";
			};
			name = Debug;
		};
		C41AD2471F3D533700A62188 /* Release */ = {
			isa = XCBuildConfiguration;
			buildSettings = {
				ALWAYS_SEARCH_USER_PATHS = NO;
				CLANG_ANALYZER_NONNULL = YES;
				CLANG_ANALYZER_NUMBER_OBJECT_CONVERSION = YES_AGGRESSIVE;
				CLANG_CXX_LANGUAGE_STANDARD = "gnu++0x";
				CLANG_CXX_LIBRARY = "libc++";
				CLANG_ENABLE_MODULES = YES;
				CLANG_ENABLE_OBJC_ARC = YES;
				CLANG_WARN_BOOL_CONVERSION = YES;
				CLANG_WARN_CONSTANT_CONVERSION = YES;
				CLANG_WARN_DIRECT_OBJC_ISA_USAGE = YES_ERROR;
				CLANG_WARN_DOCUMENTATION_COMMENTS = YES;
				CLANG_WARN_EMPTY_BODY = YES;
				CLANG_WARN_ENUM_CONVERSION = YES;
				CLANG_WARN_INFINITE_RECURSION = YES;
				CLANG_WARN_INT_CONVERSION = YES;
				CLANG_WARN_OBJC_ROOT_CLASS = YES_ERROR;
				CLANG_WARN_SUSPICIOUS_MOVE = YES;
				CLANG_WARN_UNREACHABLE_CODE = YES;
				CLANG_WARN__DUPLICATE_METHOD_MATCH = YES;
				"CODE_SIGN_IDENTITY[sdk=iphoneos*]" = "iPhone Developer";
				COPY_PHASE_STRIP = NO;
				DEBUG_INFORMATION_FORMAT = "dwarf-with-dsym";
				ENABLE_NS_ASSERTIONS = NO;
				ENABLE_STRICT_OBJC_MSGSEND = YES;
				GCC_C_LANGUAGE_STANDARD = gnu99;
				GCC_NO_COMMON_BLOCKS = YES;
				GCC_WARN_64_TO_32_BIT_CONVERSION = YES;
				GCC_WARN_ABOUT_RETURN_TYPE = YES_ERROR;
				GCC_WARN_UNDECLARED_SELECTOR = YES;
				GCC_WARN_UNINITIALIZED_AUTOS = YES_AGGRESSIVE;
				GCC_WARN_UNUSED_FUNCTION = YES;
				GCC_WARN_UNUSED_VARIABLE = YES;
				IPHONEOS_DEPLOYMENT_TARGET = 10.3;
				MTL_ENABLE_DEBUG_INFO = NO;
				SDKROOT = iphoneos;
				SWIFT_OPTIMIZATION_LEVEL = "-Owholemodule";
				VALIDATE_PRODUCT = YES;
			};
			name = Release;
		};
		C41AD2491F3D533700A62188 /* Debug */ = {
			isa = XCBuildConfiguration;
			baseConfigurationReference = B825969F261974843A724D28 /* Pods-wjSingleSugar.debug.xcconfig */;
			buildSettings = {
				ASSETCATALOG_COMPILER_APPICON_NAME = AppIcon;
				ASSETCATALOG_COMPILER_LAUNCHIMAGE_NAME = LaunchImage;
				CLANG_ENABLE_MODULES = YES;
				DEVELOPMENT_TEAM = 684VKU9G29;
				INFOPLIST_FILE = wjSingleSugar/Info.plist;
				IPHONEOS_DEPLOYMENT_TARGET = 9.0;
				LD_RUNPATH_SEARCH_PATHS = "$(inherited) @executable_path/Frameworks";
				"OTHER_SWIFT_FLAGS[arch=*]" = "-D DEBUG";
				PRODUCT_BUNDLE_IDENTIFIER = com.wangjun.wjSingleSugar;
				PRODUCT_NAME = "$(TARGET_NAME)";
				SWIFT_OBJC_BRIDGING_HEADER = "wjSingleSugar/wjSingleSugar-Bridging-Header.h";
				SWIFT_OPTIMIZATION_LEVEL = "-Onone";
				SWIFT_VERSION = 3.0;
			};
			name = Debug;
		};
		C41AD24A1F3D533700A62188 /* Release */ = {
			isa = XCBuildConfiguration;
			baseConfigurationReference = 45D7C28165500BEF0EE1D047 /* Pods-wjSingleSugar.release.xcconfig */;
			buildSettings = {
				ASSETCATALOG_COMPILER_APPICON_NAME = AppIcon;
				ASSETCATALOG_COMPILER_LAUNCHIMAGE_NAME = LaunchImage;
				CLANG_ENABLE_MODULES = YES;
				DEVELOPMENT_TEAM = 684VKU9G29;
				INFOPLIST_FILE = wjSingleSugar/Info.plist;
				IPHONEOS_DEPLOYMENT_TARGET = 9.0;
				LD_RUNPATH_SEARCH_PATHS = "$(inherited) @executable_path/Frameworks";
				PRODUCT_BUNDLE_IDENTIFIER = com.wangjun.wjSingleSugar;
				PRODUCT_NAME = "$(TARGET_NAME)";
				SWIFT_OBJC_BRIDGING_HEADER = "wjSingleSugar/wjSingleSugar-Bridging-Header.h";
				SWIFT_VERSION = 3.0;
			};
			name = Release;
		};
/* End XCBuildConfiguration section */

/* Begin XCConfigurationList section */
		C41AD2311F3D533700A62188 /* Build configuration list for PBXProject "wjSingleSugar" */ = {
			isa = XCConfigurationList;
			buildConfigurations = (
				C41AD2461F3D533700A62188 /* Debug */,
				C41AD2471F3D533700A62188 /* Release */,
			);
			defaultConfigurationIsVisible = 0;
			defaultConfigurationName = Release;
		};
		C41AD2481F3D533700A62188 /* Build configuration list for PBXNativeTarget "wjSingleSugar" */ = {
			isa = XCConfigurationList;
			buildConfigurations = (
				C41AD2491F3D533700A62188 /* Debug */,
				C41AD24A1F3D533700A62188 /* Release */,
			);
			defaultConfigurationIsVisible = 0;
			defaultConfigurationName = Release;
		};
/* End XCConfigurationList section */
	};
	rootObject = C41AD22E1F3D533700A62188 /* Project object */;
}
